{
  "nodes": {
    "advisory-db": {
      "flake": false,
      "locked": {
        "lastModified": 1752868093,
        "narHash": "sha256-jcuTu/CBxy75F53EB1+9Ug4SH0HXPXy1BlMQfWDoMIQ=",
        "owner": "rustsec",
        "repo": "advisory-db",
        "rev": "babf308081c6c1ad21495aa3128957b14146e7cb",
        "type": "github"
      },
      "original": {
        "owner": "rustsec",
        "repo": "advisory-db",
        "type": "github"
      }
    },
    "crane": {
      "locked": {
        "lastModified": 1752946753,
        "narHash": "sha256-g5uP3jIj+STUcfTJDKYopxnSijs2agRg13H0SGL5iE4=",
        "owner": "ipetkov",
        "repo": "crane",
        "rev": "544d09fecc8c2338542c57f3f742f1a0c8c71e13",
        "type": "github"
      },
      "original": {
        "owner": "ipetkov",
        "repo": "crane",
        "type": "github"
      }
    },
    "home-mangler": {
      "inputs": {
        "advisory-db": "advisory-db",
        "crane": "crane",
        "nixpkgs": [
          "nixpkgs"
        ],
        "systems": "systems"
      },
      "locked": {
        "lastModified": 1753045578,
        "narHash": "sha256-kuJrOzFRChxlYnGhxRfg5HXTv/S0F9tNEClTwRTXvqI=",
        "owner": "home-mangler",
        "repo": "home-mangler",
        "rev": "78ad05d12259406940cf5cc118b7b9f3dec6fe9c",
        "type": "github"
      },
      "original": {
        "owner": "home-mangler",
        "repo": "home-mangler",
        "type": "github"
      }
    },
    "nixpkgs": {
      "locked": {
        "lastModified": 1753047113,
        "narHash": "sha256-3/8rVDPoYDxi69Ea+m3plWS4d5hdQw3TSWkT8Px/SYQ=",
        "owner": "NixOS",
        "repo": "nixpkgs",
        "rev": "728cf36ba13356f600ed0dd57cfec21dc9db9c40",
        "type": "github"
      },
      "original": {
        "owner": "NixOS",
        "repo": "nixpkgs",
        "type": "github"
      }
    },
    "root": {
      "inputs": {
        "home-mangler": "home-mangler",
        "nixpkgs": "nixpkgs"
      }
    },
    "systems": {
      "locked": {
        "lastModified": 1681028828,
        "narHash": "sha256-Vy1rq5AaRuLzOxct8nz4T6wlgyUR7zLU309k9mBC768=",
        "owner": "nix-systems",
        "repo": "default",
        "rev": "da67096a3b9bf56a91d16901293e51ba5b49a27e",
        "type": "github"
      },
      "original": {
        "owner": "nix-systems",
        "repo": "default",
        "type": "github"
      }
    }
  },
  "root": "root",
  "version": 7
}
