{
  "nodes": {
    "advisory-db": {
      "flake": false,
      "locked": {
        "lastModified": 1725673713,
        "narHash": "sha256-0CQbpM5Nz3LiD5div/MNCZw6Ii+JoCOFHbW9cirbWpE=",
        "owner": "rustsec",
        "repo": "advisory-db",
        "rev": "66cef906f6e38cbead1133ede994d8e76e4f2158",
        "type": "github"
      },
      "original": {
        "owner": "rustsec",
        "repo": "advisory-db",
        "type": "github"
      }
    },
    "crane": {
      "locked": {
        "lastModified": 1725409566,
        "narHash": "sha256-PrtLmqhM6UtJP7v7IGyzjBFhbG4eOAHT6LPYOFmYfbk=",
        "owner": "ipetkov",
        "repo": "crane",
        "rev": "7e4586bad4e3f8f97a9271def747cf58c4b68f3c",
        "type": "github"
      },
      "original": {
        "owner": "ipetkov",
        "repo": "crane",
        "type": "github"
      }
    },
    "home-mangler": {
      "inputs": {
        "advisory-db": "advisory-db",
        "crane": "crane",
        "nixpkgs": [
          "nixpkgs"
        ],
        "systems": "systems"
      },
      "locked": {
        "lastModified": 1736874967,
        "narHash": "sha256-U5ZNJdM0ezN1X9zbiNsHe//TyBLne9jd95Lu0SrrEhc=",
        "owner": "home-mangler",
        "repo": "home-mangler",
        "rev": "a9faf62e8ebe5ebbe1950daf2fef8ef6dd64eef4",
        "type": "github"
      },
      "original": {
        "owner": "home-mangler",
        "repo": "home-mangler",
        "type": "github"
      }
    },
    "nixpkgs": {
      "locked": {
        "lastModified": 1749486686,
        "narHash": "sha256-oAa1p5nZGXoZ7iew2nc5jQ+O8c0hGP6b2saKDCDTMzE=",
        "owner": "NixOS",
        "repo": "nixpkgs",
        "rev": "93ae12cf2d3d93b7a822cc6bf48f0e02da1c7c60",
        "type": "github"
      },
      "original": {
        "owner": "NixOS",
        "repo": "nixpkgs",
        "type": "github"
      }
    },
    "root": {
      "inputs": {
        "home-mangler": "home-mangler",
        "nixpkgs": "nixpkgs"
      }
    },
    "systems": {
      "locked": {
        "lastModified": 1681028828,
        "narHash": "sha256-Vy1rq5AaRuLzOxct8nz4T6wlgyUR7zLU309k9mBC768=",
        "owner": "nix-systems",
        "repo": "default",
        "rev": "da67096a3b9bf56a91d16901293e51ba5b49a27e",
        "type": "github"
      },
      "original": {
        "owner": "nix-systems",
        "repo": "default",
        "type": "github"
      }
    }
  },
  "root": "root",
  "version": 7
}
